
Microsoft Visual Studio Solution File, Format Version 12.00
# Visual Studio Version 16
VisualStudioVersion = 16.0.31129.286
MinimumVisualStudioVersion = 10.0.40219.1
Project("{FAE04EC0-301F-11D3-BF4B-00C04F79EFBC}") = "ConsoleApp", "..\ConsoleApp2\ConsoleApp.csproj", "{36FFBC09-DD31-4D99-ACBB-19D4F4FC33AC}"
EndProject
Project("{FAE04EC0-301F-11D3-BF4B-00C04F79EFBC}") = "TracerLib", "..\TracerLib\TracerLib.csproj", "{4E38F028-A46B-4856-9926-BE90104B2F7A}"
EndProject
Project("{FAE04EC0-301F-11D3-BF4B-00C04F79EFBC}") = "TracerTest", "..\TracerTest\TracerTest.csproj", "{A8DD6706-E31E-4C21-8193-EBBF43939730}"
EndProject
Global
	GlobalSection(SolutionConfigurationPlatforms) = preSolution
		Debug|Any CPU = Debug|Any CPU
		Release|Any CPU = Release|Any CPU
	EndGlobalSection
	GlobalSection(ProjectConfigurationPlatforms) = postSolution
		{36FFBC09-DD31-4D99-ACBB-19D4F4FC33AC}.Debug|Any CPU.ActiveCfg = Debug|Any CPU
		{36FFBC09-DD31-4D99-ACBB-19D4F4FC33AC}.Debug|Any CPU.Build.0 = Debug|Any CPU
		{36FFBC09-DD31-4D99-ACBB-19D4F4FC33AC}.Release|Any CPU.ActiveCfg = Release|Any CPU
		{36FFBC09-DD31-4D99-ACBB-19D4F4FC33AC}.Release|Any CPU.Build.0 = Release|Any CPU
		{4E38F028-A46B-4856-9926-BE90104B2F7A}.Debug|Any CPU.ActiveCfg = Debug|Any CPU
		{4E38F028-A46B-4856-9926-BE90104B2F7A}.Debug|Any CPU.Build.0 = Debug|Any CPU
		{4E38F028-A46B-4856-9926-BE90104B2F7A}.Release|Any CPU.ActiveCfg = Release|Any CPU
		{4E38F028-A46B-4856-9926-BE90104B2F7A}.Release|Any CPU.Build.0 = Release|Any CPU
		{A8DD6706-E31E-4C21-8193-EBBF43939730}.Debug|Any CPU.ActiveCfg = Debug|Any CPU
		{A8DD6706-E31E-4C21-8193-EBBF43939730}.Debug|Any CPU.Build.0 = Debug|Any CPU
		{A8DD6706-E31E-4C21-8193-EBBF43939730}.Release|Any CPU.ActiveCfg = Release|Any CPU
		{A8DD6706-E31E-4C21-8193-EBBF43939730}.Release|Any CPU.Build.0 = Release|Any CPU
	EndGlobalSection
	GlobalSection(SolutionProperties) = preSolution
		HideSolutionNode = FALSE
	EndGlobalSection
	GlobalSection(ExtensibilityGlobals) = postSolution
		SolutionGuid = {B7396DD4-BBFB-40C8-A982-278A2320607C}
	EndGlobalSection
EndGlobal
